{
  "name": "sca-synthetic-sca-001",
  "version": "1.0.0",
  "lockfileVersion": 3,
  "requires": true,
  "packages": {
    "": {
      "name": "sca-synthetic-sca-001",
      "version": "1.0.0",
      "private": true,
      "type": "module",
      "dependencies": {
        "@sca-fixtures/depth-parser": "1.4.0"
      }
    },
    "node_modules/@sca-fixtures/depth-parser": {
      "version": "1.4.0",
      "dev": false
    }
  }
}
