{
  "name": "sca-synthetic-sca-012",
  "version": "1.0.0",
  "lockfileVersion": 3,
  "requires": true,
  "packages": {
    "": {
      "name": "sca-synthetic-sca-012",
      "version": "1.0.0",
      "private": true,
      "type": "module",
      "devDependencies": {
        "@sca-fixtures/pattern-filter": "1.4.0"
      }
    },
    "node_modules/@sca-fixtures/pattern-filter": {
      "version": "1.4.0",
      "dev": true
    }
  }
}
